// !$*UTF8*$!
{
	archiveVersion = 1;
	classes = {
	};
	objectVersion = 50;
	objects = {

/* Begin PBXBuildFile section */
		4144ED4E675FEFB00FB97A74 /* Pods_todoAppTests.framework in Frameworks */ = {isa = PBXBuildFile; fileRef = 1E814876D2FF919C38D453B9 /* Pods_todoAppTests.framework */; };
		555BD0418B58399E67D972EE /* Pods_todoAppUITests.framework in Frameworks */ = {isa = PBXBuildFile; fileRef = 1B1FE4E3D03B11437DD01769 /* Pods_todoAppUITests.framework */; };
		607CAFBE48FDD81CEEE3C82E /* Pods_todoApp.framework in Frameworks */ = {isa = PBXBuildFile; fileRef = B716A54F98B127DD685F412A /* Pods_todoApp.framework */; };
		E6964E10216881E900DB9E69 /* AppDelegate.swift in Sources */ = {isa = PBXBuildFile; fileRef = E6964E0F216881E900DB9E69 /* AppDelegate.swift */; };
		E6964E12216881E900DB9E69 /* ViewController.swift in Sources */ = {isa = PBXBuildFile; fileRef = E6964E11216881E900DB9E69 /* ViewController.swift */; };
		E6964E15216881E900DB9E69 /* Main.storyboard in Resources */ = {isa = PBXBuildFile; fileRef = E6964E13216881E900DB9E69 /* Main.storyboard */; };
		E6964E17216881EA00DB9E69 /* Assets.xcassets in Resources */ = {isa = PBXBuildFile; fileRef = E6964E16216881EA00DB9E69 /* Assets.xcassets */; };
		E6964E1A216881EA00DB9E69 /* LaunchScreen.storyboard in Resources */ = {isa = PBXBuildFile; fileRef = E6964E18216881EA00DB9E69 /* LaunchScreen.storyboard */; };
		E6964E25216881EA00DB9E69 /* todoAppTests.swift in Sources */ = {isa = PBXBuildFile; fileRef = E6964E24216881EA00DB9E69 /* todoAppTests.swift */; };
		E6964E30216881EA00DB9E69 /* todoAppUITests.swift in Sources */ = {isa = PBXBuildFile; fileRef = E6964E2F216881EA00DB9E69 /* todoAppUITests.swift */; };
/* End PBXBuildFile section */

/* Begin PBXContainerItemProxy section */
		E6964E21216881EA00DB9E69 /* PBXContainerItemProxy */ = {
			isa = PBXContainerItemProxy;
			containerPortal = E6964E04216881E900DB9E69 /* Project object */;
			proxyType = 1;
			remoteGlobalIDString = E6964E0B216881E900DB9E69;
			remoteInfo = todoApp;
		};
		E6964E2C216881EA00DB9E69 /* PBXContainerItemProxy */ = {
			isa = PBXContainerItemProxy;
			containerPortal = E6964E04216881E900DB9E69 /* Project object */;
			proxyType = 1;
			remoteGlobalIDString = E6964E0B216881E900DB9E69;
			remoteInfo = todoApp;
		};
/* End PBXContainerItemProxy section */

/* Begin PBXFileReference section */
		02EEA757A801897EBC4AF6C3 /* Pods-todoApp.debug.xcconfig */ = {isa = PBXFileReference; includeInIndex = 1; lastKnownFileType = text.xcconfig; name = "Pods-todoApp.debug.xcconfig"; path = "Pods/Target Support Files/Pods-todoApp/Pods-todoApp.debug.xcconfig"; sourceTree = "<group>"; };
		1B1FE4E3D03B11437DD01769 /* Pods_todoAppUITests.framework */ = {isa = PBXFileReference; explicitFileType = wrapper.framework; includeInIndex = 0; path = Pods_todoAppUITests.framework; sourceTree = BUILT_PRODUCTS_DIR; };
		1E814876D2FF919C38D453B9 /* Pods_todoAppTests.framework */ = {isa = PBXFileReference; explicitFileType = wrapper.framework; includeInIndex = 0; path = Pods_todoAppTests.framework; sourceTree = BUILT_PRODUCTS_DIR; };
		46508965695769B7DA17F626 /* Pods-todoAppUITests.debug.xcconfig */ = {isa = PBXFileReference; includeInIndex = 1; lastKnownFileType = text.xcconfig; name = "Pods-todoAppUITests.debug.xcconfig"; path = "Pods/Target Support Files/Pods-todoAppUITests/Pods-todoAppUITests.debug.xcconfig"; sourceTree = "<group>"; };
		72076ACB0DEACE0380C5EC29 /* Pods-todoAppTests.release.xcconfig */ = {isa = PBXFileReference; includeInIndex = 1; lastKnownFileType = text.xcconfig; name = "Pods-todoAppTests.release.xcconfig"; path = "Pods/Target Support Files/Pods-todoAppTests/Pods-todoAppTests.release.xcconfig"; sourceTree = "<group>"; };
		8B15E3F218888F97510534A8 /* Pods-todoAppUITests.release.xcconfig */ = {isa = PBXFileReference; includeInIndex = 1; lastKnownFileType = text.xcconfig; name = "Pods-todoAppUITests.release.xcconfig"; path = "Pods/Target Support Files/Pods-todoAppUITests/Pods-todoAppUITests.release.xcconfig"; sourceTree = "<group>"; };
		B716A54F98B127DD685F412A /* Pods_todoApp.framework */ = {isa = PBXFileReference; explicitFileType = wrapper.framework; includeInIndex = 0; path = Pods_todoApp.framework; sourceTree = BUILT_PRODUCTS_DIR; };
		C65817B9BB5590B2314FF3B0 /* Pods-todoAppTests.debug.xcconfig */ = {isa = PBXFileReference; includeInIndex = 1; lastKnownFileType = text.xcconfig; name = "Pods-todoAppTests.debug.xcconfig"; path = "Pods/Target Support Files/Pods-todoAppTests/Pods-todoAppTests.debug.xcconfig"; sourceTree = "<group>"; };
		E6964E0C216881E900DB9E69 /* todoApp.app */ = {isa = PBXFileReference; explicitFileType = wrapper.application; includeInIndex = 0; path = todoApp.app; sourceTree = BUILT_PRODUCTS_DIR; };
		E6964E0F216881E900DB9E69 /* AppDelegate.swift */ = {isa = PBXFileReference; lastKnownFileType = sourcecode.swift; path = AppDelegate.swift; sourceTree = "<group>"; };
		E6964E11216881E900DB9E69 /* ViewController.swift */ = {isa = PBXFileReference; lastKnownFileType = sourcecode.swift; path = ViewController.swift; sourceTree = "<group>"; };
		E6964E14216881E900DB9E69 /* Base */ = {isa = PBXFileReference; lastKnownFileType = file.storyboard; name = Base; path = Base.lproj/Main.storyboard; sourceTree = "<group>"; };
		E6964E16216881EA00DB9E69 /* Assets.xcassets */ = {isa = PBXFileReference; lastKnownFileType = folder.assetcatalog; path = Assets.xcassets; sourceTree = "<group>"; };
		E6964E19216881EA00DB9E69 /* Base */ = {isa = PBXFileReference; lastKnownFileType = file.storyboard; name = Base; path = Base.lproj/LaunchScreen.storyboard; sourceTree = "<group>"; };
		E6964E1B216881EA00DB9E69 /* Info.plist */ = {isa = PBXFileReference; lastKnownFileType = text.plist.xml; path = Info.plist; sourceTree = "<group>"; };
		E6964E20216881EA00DB9E69 /* todoAppTests.xctest */ = {isa = PBXFileReference; explicitFileType = wrapper.cfbundle; includeInIndex = 0; path = todoAppTests.xctest; sourceTree = BUILT_PRODUCTS_DIR; };
		E6964E24216881EA00DB9E69 /* todoAppTests.swift */ = {isa = PBXFileReference; lastKnownFileType = sourcecode.swift; path = todoAppTests.swift; sourceTree = "<group>"; };
		E6964E26216881EA00DB9E69 /* Info.plist */ = {isa = PBXFileReference; lastKnownFileType = text.plist.xml; path = Info.plist; sourceTree = "<group>"; };
		E6964E2B216881EA00DB9E69 /* todoAppUITests.xctest */ = {isa = PBXFileReference; explicitFileType = wrapper.cfbundle; includeInIndex = 0; path = todoAppUITests.xctest; sourceTree = BUILT_PRODUCTS_DIR; };
		E6964E2F216881EA00DB9E69 /* todoAppUITests.swift */ = {isa = PBXFileReference; lastKnownFileType = sourcecode.swift; path = todoAppUITests.swift; sourceTree = "<group>"; };
		E6964E31216881EA00DB9E69 /* Info.plist */ = {isa = PBXFileReference; lastKnownFileType = text.plist.xml; path = Info.plist; sourceTree = "<group>"; };
		F7291DC424031F70D6CD0441 /* Pods-todoApp.release.xcconfig */ = {isa = PBXFileReference; includeInIndex = 1; lastKnownFileType = text.xcconfig; name = "Pods-todoApp.release.xcconfig"; path = "Pods/Target Support Files/Pods-todoApp/Pods-todoApp.release.xcconfig"; sourceTree = "<group>"; };
/* End PBXFileReference section */

/* Begin PBXFrameworksBuildPhase section */
		E6964E09216881E900DB9E69 /* Frameworks */ = {
			isa = PBXFrameworksBuildPhase;
			buildActionMask = 2147483647;
			files = (
				607CAFBE48FDD81CEEE3C82E /* Pods_todoApp.framework in Frameworks */,
			);
			runOnlyForDeploymentPostprocessing = 0;
		};
		E6964E1D216881EA00DB9E69 /* Frameworks */ = {
			isa = PBXFrameworksBuildPhase;
			buildActionMask = 2147483647;
			files = (
				4144ED4E675FEFB00FB97A74 /* Pods_todoAppTests.framework in Frameworks */,
			);
			runOnlyForDeploymentPostprocessing = 0;
		};
		E6964E28216881EA00DB9E69 /* Frameworks */ = {
			isa = PBXFrameworksBuildPhase;
			buildActionMask = 2147483647;
			files = (
				555BD0418B58399E67D972EE /* Pods_todoAppUITests.framework in Frameworks */,
			);
			runOnlyForDeploymentPostprocessing = 0;
		};
/* End PBXFrameworksBuildPhase section */

/* Begin PBXGroup section */
		8C431C2A11D028E7FB5F37C5 /* Frameworks */ = {
			isa = PBXGroup;
			children = (
				B716A54F98B127DD685F412A /* Pods_todoApp.framework */,
				1E814876D2FF919C38D453B9 /* Pods_todoAppTests.framework */,
				1B1FE4E3D03B11437DD01769 /* Pods_todoAppUITests.framework */,
			);
			name = Frameworks;
			sourceTree = "<group>";
		};
		D2B34FF9FF5BD75E44362920 /* Pods */ = {
			isa = PBXGroup;
			children = (
				02EEA757A801897EBC4AF6C3 /* Pods-todoApp.debug.xcconfig */,
				F7291DC424031F70D6CD0441 /* Pods-todoApp.release.xcconfig */,
				C65817B9BB5590B2314FF3B0 /* Pods-todoAppTests.debug.xcconfig */,
				72076ACB0DEACE0380C5EC29 /* Pods-todoAppTests.release.xcconfig */,
				46508965695769B7DA17F626 /* Pods-todoAppUITests.debug.xcconfig */,
				8B15E3F218888F97510534A8 /* Pods-todoAppUITests.release.xcconfig */,
			);
			name = Pods;
			sourceTree = "<group>";
		};
		E6964E03216881E900DB9E69 = {
			isa = PBXGroup;
			children = (
				E6964E0E216881E900DB9E69 /* todoApp */,
				E6964E23216881EA00DB9E69 /* todoAppTests */,
				E6964E2E216881EA00DB9E69 /* todoAppUITests */,
				E6964E0D216881E900DB9E69 /* Products */,
				D2B34FF9FF5BD75E44362920 /* Pods */,
				8C431C2A11D028E7FB5F37C5 /* Frameworks */,
			);
			sourceTree = "<group>";
		};
		E6964E0D216881E900DB9E69 /* Products */ = {
			isa = PBXGroup;
			children = (
				E6964E0C216881E900DB9E69 /* todoApp.app */,
				E6964E20216881EA00DB9E69 /* todoAppTests.xctest */,
				E6964E2B216881EA00DB9E69 /* todoAppUITests.xctest */,
			);
			name = Products;
			sourceTree = "<group>";
		};
		E6964E0E216881E900DB9E69 /* todoApp */ = {
			isa = PBXGroup;
			children = (
				E6964E0F216881E900DB9E69 /* AppDelegate.swift */,
				E6964E11216881E900DB9E69 /* ViewController.swift */,
				E6964E13216881E900DB9E69 /* Main.storyboard */,
				E6964E16216881EA00DB9E69 /* Assets.xcassets */,
				E6964E18216881EA00DB9E69 /* LaunchScreen.storyboard */,
				E6964E1B216881EA00DB9E69 /* Info.plist */,
			);
			path = todoApp;
			sourceTree = "<group>";
		};
		E6964E23216881EA00DB9E69 /* todoAppTests */ = {
			isa = PBXGroup;
			children = (
				E6964E24216881EA00DB9E69 /* todoAppTests.swift */,
				E6964E26216881EA00DB9E69 /* Info.plist */,
			);
			path = todoAppTests;
			sourceTree = "<group>";
		};
		E6964E2E216881EA00DB9E69 /* todoAppUITests */ = {
			isa = PBXGroup;
			children = (
				E6964E2F216881EA00DB9E69 /* todoAppUITests.swift */,
				E6964E31216881EA00DB9E69 /* Info.plist */,
			);
			path = todoAppUITests;
			sourceTree = "<group>";
		};
/* End PBXGroup section */

/* Begin PBXNativeTarget section */
		E6964E0B216881E900DB9E69 /* todoApp */ = {
			isa = PBXNativeTarget;
			buildConfigurationList = E6964E34216881EA00DB9E69 /* Build configuration list for PBXNativeTarget "todoApp" */;
			buildPhases = (
				5785F288525142E467EB6732 /* [CP] Check Pods Manifest.lock */,
				E6964E08216881E900DB9E69 /* Sources */,
				E6964E09216881E900DB9E69 /* Frameworks */,
				E6964E0A216881E900DB9E69 /* Resources */,
				C95523EE7C022ED0F0942A07 /* [CP] Embed Pods Frameworks */,
			);
			buildRules = (
			);
			dependencies = (
			);
			name = todoApp;
			productName = todoApp;
			productReference = E6964E0C216881E900DB9E69 /* todoApp.app */;
			productType = "com.apple.product-type.application";
		};
		E6964E1F216881EA00DB9E69 /* todoAppTests */ = {
			isa = PBXNativeTarget;
			buildConfigurationList = E6964E37216881EA00DB9E69 /* Build configuration list for PBXNativeTarget "todoAppTests" */;
			buildPhases = (
				6DB1A468610376E5FB1E873B /* [CP] Check Pods Manifest.lock */,
				E6964E1C216881EA00DB9E69 /* Sources */,
				E6964E1D216881EA00DB9E69 /* Frameworks */,
				E6964E1E216881EA00DB9E69 /* Resources */,
			);
			buildRules = (
			);
			dependencies = (
				E6964E22216881EA00DB9E69 /* PBXTargetDependency */,
			);
			name = todoAppTests;
			productName = todoAppTests;
			productReference = E6964E20216881EA00DB9E69 /* todoAppTests.xctest */;
			productType = "com.apple.product-type.bundle.unit-test";
		};
		E6964E2A216881EA00DB9E69 /* todoAppUITests */ = {
			isa = PBXNativeTarget;
			buildConfigurationList = E6964E3A216881EA00DB9E69 /* Build configuration list for PBXNativeTarget "todoAppUITests" */;
			buildPhases = (
				6998AAE7FEC726DC860537B6 /* [CP] Check Pods Manifest.lock */,
				E6964E27216881EA00DB9E69 /* Sources */,
				E6964E28216881EA00DB9E69 /* Frameworks */,
				E6964E29216881EA00DB9E69 /* Resources */,
			);
			buildRules = (
			);
			dependencies = (
				E6964E2D216881EA00DB9E69 /* PBXTargetDependency */,
			);
			name = todoAppUITests;
			productName = todoAppUITests;
			productReference = E6964E2B216881EA00DB9E69 /* todoAppUITests.xctest */;
			productType = "com.apple.product-type.bundle.ui-testing";
		};
/* End PBXNativeTarget section */

/* Begin PBXProject section */
		E6964E04216881E900DB9E69 /* Project object */ = {
			isa = PBXProject;
			attributes = {
				LastSwiftUpdateCheck = 0940;
				LastUpgradeCheck = 0940;
				ORGANIZATIONNAME = KoYamaura;
				TargetAttributes = {
					E6964E0B216881E900DB9E69 = {
						CreatedOnToolsVersion = 9.4.1;
					};
					E6964E1F216881EA00DB9E69 = {
						CreatedOnToolsVersion = 9.4.1;
						TestTargetID = E6964E0B216881E900DB9E69;
					};
					E6964E2A216881EA00DB9E69 = {
						CreatedOnToolsVersion = 9.4.1;
						TestTargetID = E6964E0B216881E900DB9E69;
					};
				};
			};
			buildConfigurationList = E6964E07216881E900DB9E69 /* Build configuration list for PBXProject "todoApp" */;
			compatibilityVersion = "Xcode 9.3";
			developmentRegion = en;
			hasScannedForEncodings = 0;
			knownRegions = (
				en,
				Base,
			);
			mainGroup = E6964E03216881E900DB9E69;
			productRefGroup = E6964E0D216881E900DB9E69 /* Products */;
			projectDirPath = "";
			projectRoot = "";
			targets = (
				E6964E0B216881E900DB9E69 /* todoApp */,
				E6964E1F216881EA00DB9E69 /* todoAppTests */,
				E6964E2A216881EA00DB9E69 /* todoAppUITests */,
			);
		};
/* End PBXProject section */

/* Begin PBXResourcesBuildPhase section */
		E6964E0A216881E900DB9E69 /* Resources */ = {
			isa = PBXResourcesBuildPhase;
			buildActionMask = 2147483647;
			files = (
				E6964E1A216881EA00DB9E69 /* LaunchScreen.storyboard in Resources */,
				E6964E17216881EA00DB9E69 /* Assets.xcassets in Resources */,
				E6964E15216881E900DB9E69 /* Main.storyboard in Resources */,
			);
			runOnlyForDeploymentPostprocessing = 0;
		};
		E6964E1E216881EA00DB9E69 /* Resources */ = {
			isa = PBXResourcesBuildPhase;
			buildActionMask = 2147483647;
			files = (
			);
			runOnlyForDeploymentPostprocessing = 0;
		};
		E6964E29216881EA00DB9E69 /* Resources */ = {
			isa = PBXResourcesBuildPhase;
			buildActionMask = 2147483647;
			files = (
			);
			runOnlyForDeploymentPostprocessing = 0;
		};
/* End PBXResourcesBuildPhase section */

/* Begin PBXShellScriptBuildPhase section */
		5785F288525142E467EB6732 /* [CP] Check Pods Manifest.lock */ = {
			isa = PBXShellScriptBuildPhase;
			buildActionMask = 2147483647;
			files = (
			);
			inputPaths = (
				"${PODS_PODFILE_DIR_PATH}/Podfile.lock",
				"${PODS_ROOT}/Manifest.lock",
			);
			name = "[CP] Check Pods Manifest.lock";
			outputPaths = (
				"$(DERIVED_FILE_DIR)/Pods-todoApp-checkManifestLockResult.txt",
			);
			runOnlyForDeploymentPostprocessing = 0;
			shellPath = /bin/sh;
			shellScript = "diff \"${PODS_PODFILE_DIR_PATH}/Podfile.lock\" \"${PODS_ROOT}/Manifest.lock\" > /dev/null\nif [ $? != 0 ] ; then\n    # print error to STDERR\n    echo \"error: The sandbox is not in sync with the Podfile.lock. Run 'pod install' or update your CocoaPods installation.\" >&2\n    exit 1\nfi\n# This output is used by Xcode 'outputs' to avoid re-running this script phase.\necho \"SUCCESS\" > \"${SCRIPT_OUTPUT_FILE_0}\"\n";
			showEnvVarsInLog = 0;
		};
		6998AAE7FEC726DC860537B6 /* [CP] Check Pods Manifest.lock */ = {
			isa = PBXShellScriptBuildPhase;
			buildActionMask = 2147483647;
			files = (
			);
			inputPaths = (
				"${PODS_PODFILE_DIR_PATH}/Podfile.lock",
				"${PODS_ROOT}/Manifest.lock",
			);
			name = "[CP] Check Pods Manifest.lock";
			outputPaths = (
				"$(DERIVED_FILE_DIR)/Pods-todoAppUITests-checkManifestLockResult.txt",
			);
			runOnlyForDeploymentPostprocessing = 0;
			shellPath = /bin/sh;
			shellScript = "diff \"${PODS_PODFILE_DIR_PATH}/Podfile.lock\" \"${PODS_ROOT}/Manifest.lock\" > /dev/null\nif [ $? != 0 ] ; then\n    # print error to STDERR\n    echo \"error: The sandbox is not in sync with the Podfile.lock. Run 'pod install' or update your CocoaPods installation.\" >&2\n    exit 1\nfi\n# This output is used by Xcode 'outputs' to avoid re-running this script phase.\necho \"SUCCESS\" > \"${SCRIPT_OUTPUT_FILE_0}\"\n";
			showEnvVarsInLog = 0;
		};
		6DB1A468610376E5FB1E873B /* [CP] Check Pods Manifest.lock */ = {
			isa = PBXShellScriptBuildPhase;
			buildActionMask = 2147483647;
			files = (
			);
			inputPaths = (
				"${PODS_PODFILE_DIR_PATH}/Podfile.lock",
				"${PODS_ROOT}/Manifest.lock",
			);
			name = "[CP] Check Pods Manifest.lock";
			outputPaths = (
				"$(DERIVED_FILE_DIR)/Pods-todoAppTests-checkManifestLockResult.txt",
			);
			runOnlyForDeploymentPostprocessing = 0;
			shellPath = /bin/sh;
			shellScript = "diff \"${PODS_PODFILE_DIR_PATH}/Podfile.lock\" \"${PODS_ROOT}/Manifest.lock\" > /dev/null\nif [ $? != 0 ] ; then\n    # print error to STDERR\n    echo \"error: The sandbox is not in sync with the Podfile.lock. Run 'pod install' or update your CocoaPods installation.\" >&2\n    exit 1\nfi\n# This output is used by Xcode 'outputs' to avoid re-running this script phase.\necho \"SUCCESS\" > \"${SCRIPT_OUTPUT_FILE_0}\"\n";
			showEnvVarsInLog = 0;
		};
		C95523EE7C022ED0F0942A07 /* [CP] Embed Pods Frameworks */ = {
			isa = PBXShellScriptBuildPhase;
			buildActionMask = 2147483647;
			files = (
			);
			inputPaths = (
				"${SRCROOT}/Pods/Target Support Files/Pods-todoApp/Pods-todoApp-frameworks.sh",
				"${BUILT_PRODUCTS_DIR}/Realm/Realm.framework",
				"${BUILT_PRODUCTS_DIR}/RealmSwift/RealmSwift.framework",
			);
			name = "[CP] Embed Pods Frameworks";
			outputPaths = (
				"${TARGET_BUILD_DIR}/${FRAMEWORKS_FOLDER_PATH}/Realm.framework",
				"${TARGET_BUILD_DIR}/${FRAMEWORKS_FOLDER_PATH}/RealmSwift.framework",
			);
			runOnlyForDeploymentPostprocessing = 0;
			shellPath = /bin/sh;
			shellScript = "\"${SRCROOT}/Pods/Target Support Files/Pods-todoApp/Pods-todoApp-frameworks.sh\"\n";
			showEnvVarsInLog = 0;
		};
/* End PBXShellScriptBuildPhase section */

/* Begin PBXSourcesBuildPhase section */
		E6964E08216881E900DB9E69 /* Sources */ = {
			isa = PBXSourcesBuildPhase;
			buildActionMask = 2147483647;
			files = (
				E6964E12216881E900DB9E69 /* ViewController.swift in Sources */,
				E6964E10216881E900DB9E69 /* AppDelegate.swift in Sources */,
			);
			runOnlyForDeploymentPostprocessing = 0;
		};
		E6964E1C216881EA00DB9E69 /* Sources */ = {
			isa = PBXSourcesBuildPhase;
			buildActionMask = 2147483647;
			files = (
				E6964E25216881EA00DB9E69 /* todoAppTests.swift in Sources */,
			);
			runOnlyForDeploymentPostprocessing = 0;
		};
		E6964E27216881EA00DB9E69 /* Sources */ = {
			isa = PBXSourcesBuildPhase;
			buildActionMask = 2147483647;
			files = (
				E6964E30216881EA00DB9E69 /* todoAppUITests.swift in Sources */,
			);
			runOnlyForDeploymentPostprocessing = 0;
		};
/* End PBXSourcesBuildPhase section */

/* Begin PBXTargetDependency section */
		E6964E22216881EA00DB9E69 /* PBXTargetDependency */ = {
			isa = PBXTargetDependency;
			target = E6964E0B216881E900DB9E69 /* todoApp */;
			targetProxy = E6964E21216881EA00DB9E69 /* PBXContainerItemProxy */;
		};
		E6964E2D216881EA00DB9E69 /* PBXTargetDependency */ = {
			isa = PBXTargetDependency;
			target = E6964E0B216881E900DB9E69 /* todoApp */;
			targetProxy = E6964E2C216881EA00DB9E69 /* PBXContainerItemProxy */;
		};
/* End PBXTargetDependency section */

/* Begin PBXVariantGroup section */
		E6964E13216881E900DB9E69 /* Main.storyboard */ = {
			isa = PBXVariantGroup;
			children = (
				E6964E14216881E900DB9E69 /* Base */,
			);
			name = Main.storyboard;
			sourceTree = "<group>";
		};
		E6964E18216881EA00DB9E69 /* LaunchScreen.storyboard */ = {
			isa = PBXVariantGroup;
			children = (
				E6964E19216881EA00DB9E69 /* Base */,
			);
			name = LaunchScreen.storyboard;
			sourceTree = "<group>";
		};
/* End PBXVariantGroup section */

/* Begin XCBuildConfiguration section */
		E6964E32216881EA00DB9E69 /* Debug */ = {
			isa = XCBuildConfiguration;
			buildSettings = {
				ALWAYS_SEARCH_USER_PATHS = NO;
				CLANG_ANALYZER_NONNULL = YES;
				CLANG_ANALYZER_NUMBER_OBJECT_CONVERSION = YES_AGGRESSIVE;
				CLANG_CXX_LANGUAGE_STANDARD = "gnu++14";
				CLANG_CXX_LIBRARY = "libc++";
				CLANG_ENABLE_MODULES = YES;
				CLANG_ENABLE_OBJC_ARC = YES;
				CLANG_ENABLE_OBJC_WEAK = YES;
				CLANG_WARN_BLOCK_CAPTURE_AUTORELEASING = YES;
				CLANG_WARN_BOOL_CONVERSION = YES;
				CLANG_WARN_COMMA = YES;
				CLANG_WARN_CONSTANT_CONVERSION = YES;
				CLANG_WARN_DEPRECATED_OBJC_IMPLEMENTATIONS = YES;
				CLANG_WARN_DIRECT_OBJC_ISA_USAGE = YES_ERROR;
				CLANG_WARN_DOCUMENTATION_COMMENTS = YES;
				CLANG_WARN_EMPTY_BODY = YES;
				CLANG_WARN_ENUM_CONVERSION = YES;
				CLANG_WARN_INFINITE_RECURSION = YES;
				CLANG_WARN_INT_CONVERSION = YES;
				CLANG_WARN_NON_LITERAL_NULL_CONVERSION = YES;
				CLANG_WARN_OBJC_IMPLICIT_RETAIN_SELF = YES;
				CLANG_WARN_OBJC_LITERAL_CONVERSION = YES;
				CLANG_WARN_OBJC_ROOT_CLASS = YES_ERROR;
				CLANG_WARN_RANGE_LOOP_ANALYSIS = YES;
				CLANG_WARN_STRICT_PROTOTYPES = YES;
				CLANG_WARN_SUSPICIOUS_MOVE = YES;
				CLANG_WARN_UNGUARDED_AVAILABILITY = YES_AGGRESSIVE;
				CLANG_WARN_UNREACHABLE_CODE = YES;
				CLANG_WARN__DUPLICATE_METHOD_MATCH = YES;
				CODE_SIGN_IDENTITY = "iPhone Developer";
				COPY_PHASE_STRIP = NO;
				DEBUG_INFORMATION_FORMAT = dwarf;
				ENABLE_STRICT_OBJC_MSGSEND = YES;
				ENABLE_TESTABILITY = YES;
				GCC_C_LANGUAGE_STANDARD = gnu11;
				GCC_DYNAMIC_NO_PIC = NO;
				GCC_NO_COMMON_BLOCKS = YES;
				GCC_OPTIMIZATION_LEVEL = 0;
				GCC_PREPROCESSOR_DEFINITIONS = (
					"DEBUG=1",
					"$(inherited)",
				);
				GCC_WARN_64_TO_32_BIT_CONVERSION = YES;
				GCC_WARN_ABOUT_RETURN_TYPE = YES_ERROR;
				GCC_WARN_UNDECLARED_SELECTOR = YES;
				GCC_WARN_UNINITIALIZED_AUTOS = YES_AGGRESSIVE;
				GCC_WARN_UNUSED_FUNCTION = YES;
				GCC_WARN_UNUSED_VARIABLE = YES;
				IPHONEOS_DEPLOYMENT_TARGET = 11.4;
				MTL_ENABLE_DEBUG_INFO = YES;
				ONLY_ACTIVE_ARCH = YES;
				SDKROOT = iphoneos;
				SWIFT_ACTIVE_COMPILATION_CONDITIONS = DEBUG;
				SWIFT_OPTIMIZATION_LEVEL = "-Onone";
			};
			name = Debug;
		};
		E6964E33216881EA00DB9E69 /* Release */ = {
			isa = XCBuildConfiguration;
			buildSettings = {
				ALWAYS_SEARCH_USER_PATHS = NO;
				CLANG_ANALYZER_NONNULL = YES;
				CLANG_ANALYZER_NUMBER_OBJECT_CONVERSION = YES_AGGRESSIVE;
				CLANG_CXX_LANGUAGE_STANDARD = "gnu++14";
				CLANG_CXX_LIBRARY = "libc++";
				CLANG_ENABLE_MODULES = YES;
				CLANG_ENABLE_OBJC_ARC = YES;
				CLANG_ENABLE_OBJC_WEAK = YES;
				CLANG_WARN_BLOCK_CAPTURE_AUTORELEASING = YES;
				CLANG_WARN_BOOL_CONVERSION = YES;
				CLANG_WARN_COMMA = YES;
				CLANG_WARN_CONSTANT_CONVERSION = YES;
				CLANG_WARN_DEPRECATED_OBJC_IMPLEMENTATIONS = YES;
				CLANG_WARN_DIRECT_OBJC_ISA_USAGE = YES_ERROR;
				CLANG_WARN_DOCUMENTATION_COMMENTS = YES;
				CLANG_WARN_EMPTY_BODY = YES;
				CLANG_WARN_ENUM_CONVERSION = YES;
				CLANG_WARN_INFINITE_RECURSION = YES;
				CLANG_WARN_INT_CONVERSION = YES;
				CLANG_WARN_NON_LITERAL_NULL_CONVERSION = YES;
				CLANG_WARN_OBJC_IMPLICIT_RETAIN_SELF = YES;
				CLANG_WARN_OBJC_LITERAL_CONVERSION = YES;
				CLANG_WARN_OBJC_ROOT_CLASS = YES_ERROR;
				CLANG_WARN_RANGE_LOOP_ANALYSIS = YES;
				CLANG_WARN_STRICT_PROTOTYPES = YES;
				CLANG_WARN_SUSPICIOUS_MOVE = YES;
				CLANG_WARN_UNGUARDED_AVAILABILITY = YES_AGGRESSIVE;
				CLANG_WARN_UNREACHABLE_CODE = YES;
				CLANG_WARN__DUPLICATE_METHOD_MATCH = YES;
				CODE_SIGN_IDENTITY = "iPhone Developer";
				COPY_PHASE_STRIP = NO;
				DEBUG_INFORMATION_FORMAT = "dwarf-with-dsym";
				ENABLE_NS_ASSERTIONS = NO;
				ENABLE_STRICT_OBJC_MSGSEND = YES;
				GCC_C_LANGUAGE_STANDARD = gnu11;
				GCC_NO_COMMON_BLOCKS = YES;
				GCC_WARN_64_TO_32_BIT_CONVERSION = YES;
				GCC_WARN_ABOUT_RETURN_TYPE = YES_ERROR;
				GCC_WARN_UNDECLARED_SELECTOR = YES;
				GCC_WARN_UNINITIALIZED_AUTOS = YES_AGGRESSIVE;
				GCC_WARN_UNUSED_FUNCTION = YES;
				GCC_WARN_UNUSED_VARIABLE = YES;
				IPHONEOS_DEPLOYMENT_TARGET = 11.4;
				MTL_ENABLE_DEBUG_INFO = NO;
				SDKROOT = iphoneos;
				SWIFT_COMPILATION_MODE = wholemodule;
				SWIFT_OPTIMIZATION_LEVEL = "-O";
				VALIDATE_PRODUCT = YES;
			};
			name = Release;
		};
		E6964E35216881EA00DB9E69 /* Debug */ = {
			isa = XCBuildConfiguration;
			baseConfigurationReference = 02EEA757A801897EBC4AF6C3 /* Pods-todoApp.debug.xcconfig */;
			buildSettings = {
				ASSETCATALOG_COMPILER_APPICON_NAME = AppIcon;
				CODE_SIGN_STYLE = Automatic;
				INFOPLIST_FILE = todoApp/Info.plist;
				LD_RUNPATH_SEARCH_PATHS = (
					"$(inherited)",
					"@executable_path/Frameworks",
				);
				PRODUCT_BUNDLE_IDENTIFIER = KoYamaura.todoApp;
				PRODUCT_NAME = "$(TARGET_NAME)";
				SWIFT_VERSION = 4.0;
				TARGETED_DEVICE_FAMILY = "1,2";
			};
			name = Debug;
		};
		E6964E36216881EA00DB9E69 /* Release */ = {
			isa = XCBuildConfiguration;
			baseConfigurationReference = F7291DC424031F70D6CD0441 /* Pods-todoApp.release.xcconfig */;
			buildSettings = {
				ASSETCATALOG_COMPILER_APPICON_NAME = AppIcon;
				CODE_SIGN_STYLE = Automatic;
				INFOPLIST_FILE = todoApp/Info.plist;
				LD_RUNPATH_SEARCH_PATHS = (
					"$(inherited)",
					"@executable_path/Frameworks",
				);
				PRODUCT_BUNDLE_IDENTIFIER = KoYamaura.todoApp;
				PRODUCT_NAME = "$(TARGET_NAME)";
				SWIFT_VERSION = 4.0;
				TARGETED_DEVICE_FAMILY = "1,2";
			};
			name = Release;
		};
		E6964E38216881EA00DB9E69 /* Debug */ = {
			isa = XCBuildConfiguration;
			baseConfigurationReference = C65817B9BB5590B2314FF3B0 /* Pods-todoAppTests.debug.xcconfig */;
			buildSettings = {
				ALWAYS_EMBED_SWIFT_STANDARD_LIBRARIES = YES;
				BUNDLE_LOADER = "$(TEST_HOST)";
				CODE_SIGN_STYLE = Automatic;
				INFOPLIST_FILE = todoAppTests/Info.plist;
				LD_RUNPATH_SEARCH_PATHS = (
					"$(inherited)",
					"@executable_path/Frameworks",
					"@loader_path/Frameworks",
				);
				PRODUCT_BUNDLE_IDENTIFIER = KoYamaura.todoAppTests;
				PRODUCT_NAME = "$(TARGET_NAME)";
				SWIFT_VERSION = 4.0;
				TARGETED_DEVICE_FAMILY = "1,2";
				TEST_HOST = "$(BUILT_PRODUCTS_DIR)/todoApp.app/todoApp";
			};
			name = Debug;
		};
		E6964E39216881EA00DB9E69 /* Release */ = {
			isa = XCBuildConfiguration;
			baseConfigurationReference = 72076ACB0DEACE0380C5EC29 /* Pods-todoAppTests.release.xcconfig */;
			buildSettings = {
				ALWAYS_EMBED_SWIFT_STANDARD_LIBRARIES = YES;
				BUNDLE_LOADER = "$(TEST_HOST)";
				CODE_SIGN_STYLE = Automatic;
				INFOPLIST_FILE = todoAppTests/Info.plist;
				LD_RUNPATH_SEARCH_PATHS = (
					"$(inherited)",
					"@executable_path/Frameworks",
					"@loader_path/Frameworks",
				);
				PRODUCT_BUNDLE_IDENTIFIER = KoYamaura.todoAppTests;
				PRODUCT_NAME = "$(TARGET_NAME)";
				SWIFT_VERSION = 4.0;
				TARGETED_DEVICE_FAMILY = "1,2";
				TEST_HOST = "$(BUILT_PRODUCTS_DIR)/todoApp.app/todoApp";
			};
			name = Release;
		};
		E6964E3B216881EA00DB9E69 /* Debug */ = {
			isa = XCBuildConfiguration;
			baseConfigurationReference = 46508965695769B7DA17F626 /* Pods-todoAppUITests.debug.xcconfig */;
			buildSettings = {
				ALWAYS_EMBED_SWIFT_STANDARD_LIBRARIES = YES;
				CODE_SIGN_STYLE = Automatic;
				INFOPLIST_FILE = todoAppUITests/Info.plist;
				LD_RUNPATH_SEARCH_PATHS = (
					"$(inherited)",
					"@executable_path/Frameworks",
					"@loader_path/Frameworks",
				);
				PRODUCT_BUNDLE_IDENTIFIER = KoYamaura.todoAppUITests;
				PRODUCT_NAME = "$(TARGET_NAME)";
				SWIFT_VERSION = 4.0;
				TARGETED_DEVICE_FAMILY = "1,2";
				TEST_TARGET_NAME = todoApp;
			};
			name = Debug;
		};
		E6964E3C216881EA00DB9E69 /* Release */ = {
			isa = XCBuildConfiguration;
			baseConfigurationReference = 8B15E3F218888F97510534A8 /* Pods-todoAppUITests.release.xcconfig */;
			buildSettings = {
				ALWAYS_EMBED_SWIFT_STANDARD_LIBRARIES = YES;
				CODE_SIGN_STYLE = Automatic;
				INFOPLIST_FILE = todoAppUITests/Info.plist;
				LD_RUNPATH_SEARCH_PATHS = (
					"$(inherited)",
					"@executable_path/Frameworks",
					"@loader_path/Frameworks",
				);
				PRODUCT_BUNDLE_IDENTIFIER = KoYamaura.todoAppUITests;
				PRODUCT_NAME = "$(TARGET_NAME)";
				SWIFT_VERSION = 4.0;
				TARGETED_DEVICE_FAMILY = "1,2";
				TEST_TARGET_NAME = todoApp;
			};
			name = Release;
		};
/* End XCBuildConfiguration section */

/* Begin XCConfigurationList section */
		E6964E07216881E900DB9E69 /* Build configuration list for PBXProject "todoApp" */ = {
			isa = XCConfigurationList;
			buildConfigurations = (
				E6964E32216881EA00DB9E69 /* Debug */,
				E6964E33216881EA00DB9E69 /* Release */,
			);
			defaultConfigurationIsVisible = 0;
			defaultConfigurationName = Release;
		};
		E6964E34216881EA00DB9E69 /* Build configuration list for PBXNativeTarget "todoApp" */ = {
			isa = XCConfigurationList;
			buildConfigurations = (
				E6964E35216881EA00DB9E69 /* Debug */,
				E6964E36216881EA00DB9E69 /* Release */,
			);
			defaultConfigurationIsVisible = 0;
			defaultConfigurationName = Release;
		};
		E6964E37216881EA00DB9E69 /* Build configuration list for PBXNativeTarget "todoAppTests" */ = {
			isa = XCConfigurationList;
			buildConfigurations = (
				E6964E38216881EA00DB9E69 /* Debug */,
				E6964E39216881EA00DB9E69 /* Release */,
			);
			defaultConfigurationIsVisible = 0;
			defaultConfigurationName = Release;
		};
		E6964E3A216881EA00DB9E69 /* Build configuration list for PBXNativeTarget "todoAppUITests" */ = {
			isa = XCConfigurationList;
			buildConfigurations = (
				E6964E3B216881EA00DB9E69 /* Debug */,
				E6964E3C216881EA00DB9E69 /* Release */,
			);
			defaultConfigurationIsVisible = 0;
			defaultConfigurationName = Release;
		};
/* End XCConfigurationList section */
	};
	rootObject = E6964E04216881E900DB9E69 /* Project object */;
}
